
Microsoft Visual Studio Solution File, Format Version 12.00
# Visual Studio Version 16
VisualStudioVersion = 16.0.32602.291
MinimumVisualStudioVersion = 10.0.40219.1
Project("{FAE04EC0-301F-11D3-BF4B-00C04F79EFBC}") = "MyAppApi", "MyAppApi\MyAppApi.csproj", "{D1F49815-F0FF-4847-BB97-68D65F438ECE}"
EndProject
Global
	GlobalSection(SolutionConfigurationPlatforms) = preSolution
		Debug|Any CPU = Debug|Any CPU
		Release|Any CPU = Release|Any CPU
	EndGlobalSection
	GlobalSection(ProjectConfigurationPlatforms) = postSolution
		{D1F49815-F0FF-4847-BB97-68D65F438ECE}.Debug|Any CPU.ActiveCfg = Debug|Any CPU
		{D1F49815-F0FF-4847-BB97-68D65F438ECE}.Debug|Any CPU.Build.0 = Debug|Any CPU
		{D1F49815-F0FF-4847-BB97-68D65F438ECE}.Release|Any CPU.ActiveCfg = Release|Any CPU
		{D1F49815-F0FF-4847-BB97-68D65F438ECE}.Release|Any CPU.Build.0 = Release|Any CPU
	EndGlobalSection
	GlobalSection(SolutionProperties) = preSolution
		HideSolutionNode = FALSE
	EndGlobalSection
	GlobalSection(ExtensibilityGlobals) = postSolution
		SolutionGuid = {2E81FD89-9164-467B-AD9D-17C799E5BD89}
	EndGlobalSection
EndGlobal
